
Microsoft Visual Studio Solution File, Format Version 12.00
# Visual Studio Version 16
VisualStudioVersion = 16.0.31112.23
MinimumVisualStudioVersion = 10.0.40219.1
Project("{FAE04EC0-301F-11D3-BF4B-00C04F79EFBC}") = "MiCalculadora", "MiCalculadora\MiCalculadora.csproj", "{BFB3A2E3-4AF7-4A55-B027-8B301150626E}"
EndProject
Project("{FAE04EC0-301F-11D3-BF4B-00C04F79EFBC}") = "Entidades", "Entidades\Entidades.csproj", "{D743EB0F-0A97-49F6-BFDE-F7C0AD8C9BED}"
EndProject
Global
	GlobalSection(SolutionConfigurationPlatforms) = preSolution
		Debug|Any CPU = Debug|Any CPU
		Release|Any CPU = Release|Any CPU
	EndGlobalSection
	GlobalSection(ProjectConfigurationPlatforms) = postSolution
		{BFB3A2E3-4AF7-4A55-B027-8B301150626E}.Debug|Any CPU.ActiveCfg = Debug|Any CPU
		{BFB3A2E3-4AF7-4A55-B027-8B301150626E}.Debug|Any CPU.Build.0 = Debug|Any CPU
		{BFB3A2E3-4AF7-4A55-B027-8B301150626E}.Release|Any CPU.ActiveCfg = Release|Any CPU
		{BFB3A2E3-4AF7-4A55-B027-8B301150626E}.Release|Any CPU.Build.0 = Release|Any CPU
		{D743EB0F-0A97-49F6-BFDE-F7C0AD8C9BED}.Debug|Any CPU.ActiveCfg = Debug|Any CPU
		{D743EB0F-0A97-49F6-BFDE-F7C0AD8C9BED}.Debug|Any CPU.Build.0 = Debug|Any CPU
		{D743EB0F-0A97-49F6-BFDE-F7C0AD8C9BED}.Release|Any CPU.ActiveCfg = Release|Any CPU
		{D743EB0F-0A97-49F6-BFDE-F7C0AD8C9BED}.Release|Any CPU.Build.0 = Release|Any CPU
	EndGlobalSection
	GlobalSection(SolutionProperties) = preSolution
		HideSolutionNode = FALSE
	EndGlobalSection
	GlobalSection(ExtensibilityGlobals) = postSolution
		SolutionGuid = {E18BBE98-F2DF-4AF0-B173-87038D6B84A0}
	EndGlobalSection
EndGlobal
