
Microsoft Visual Studio Solution File, Format Version 12.00
# Visual Studio Version 16
VisualStudioVersion = 16.0.31129.286
MinimumVisualStudioVersion = 10.0.40219.1
Project("{FAE04EC0-301F-11D3-BF4B-00C04F79EFBC}") = "MiCalculadora", "MiCalculadora\MiCalculadora.csproj", "{C83D282C-788B-4B86-AC51-ED25CE31E34B}"
EndProject
Project("{FAE04EC0-301F-11D3-BF4B-00C04F79EFBC}") = "Entidades", "Entidades\Entidades.csproj", "{B4EF0629-442C-4AFB-AD14-1A6A335189A6}"
EndProject
Global
	GlobalSection(SolutionConfigurationPlatforms) = preSolution
		Debug|Any CPU = Debug|Any CPU
		Release|Any CPU = Release|Any CPU
	EndGlobalSection
	GlobalSection(ProjectConfigurationPlatforms) = postSolution
		{C83D282C-788B-4B86-AC51-ED25CE31E34B}.Debug|Any CPU.ActiveCfg = Debug|Any CPU
		{C83D282C-788B-4B86-AC51-ED25CE31E34B}.Debug|Any CPU.Build.0 = Debug|Any CPU
		{C83D282C-788B-4B86-AC51-ED25CE31E34B}.Release|Any CPU.ActiveCfg = Release|Any CPU
		{C83D282C-788B-4B86-AC51-ED25CE31E34B}.Release|Any CPU.Build.0 = Release|Any CPU
		{B4EF0629-442C-4AFB-AD14-1A6A335189A6}.Debug|Any CPU.ActiveCfg = Debug|Any CPU
		{B4EF0629-442C-4AFB-AD14-1A6A335189A6}.Debug|Any CPU.Build.0 = Debug|Any CPU
		{B4EF0629-442C-4AFB-AD14-1A6A335189A6}.Release|Any CPU.ActiveCfg = Release|Any CPU
		{B4EF0629-442C-4AFB-AD14-1A6A335189A6}.Release|Any CPU.Build.0 = Release|Any CPU
	EndGlobalSection
	GlobalSection(SolutionProperties) = preSolution
		HideSolutionNode = FALSE
	EndGlobalSection
	GlobalSection(ExtensibilityGlobals) = postSolution
		SolutionGuid = {A12A3DF3-7758-47B6-872C-E79C3D351CF0}
	EndGlobalSection
EndGlobal
