
Microsoft Visual Studio Solution File, Format Version 12.00
# Visual Studio Version 16
VisualStudioVersion = 16.0.31321.278
MinimumVisualStudioVersion = 10.0.40219.1
Project("{FAE04EC0-301F-11D3-BF4B-00C04F79EFBC}") = "Entidades", "Entidades\Entidades.csproj", "{B9C18A49-4CB8-4123-983A-7CAB5A68929B}"
EndProject
Project("{FAE04EC0-301F-11D3-BF4B-00C04F79EFBC}") = "Test", "Test\Test.csproj", "{A688450F-ABBC-46CC-B703-F972D6584B1F}"
EndProject
Project("{FAE04EC0-301F-11D3-BF4B-00C04F79EFBC}") = "Excepciones", "Excepciones\Excepciones.csproj", "{D8E0C70C-C2FA-4AB5-80A3-D81FFEF45B60}"
EndProject
Project("{FAE04EC0-301F-11D3-BF4B-00C04F79EFBC}") = "Formulario", "Formulario\Formulario.csproj", "{5F4020BF-D286-463D-A367-03F76BF99A93}"
EndProject
Project("{FAE04EC0-301F-11D3-BF4B-00C04F79EFBC}") = "Archivos", "Archivos\Archivos.csproj", "{06FD7BDB-56BC-4FD4-A65B-9BA1EB16C3C8}"
EndProject
Project("{FAE04EC0-301F-11D3-BF4B-00C04F79EFBC}") = "Unit.Tests", "Unit.Tests\Unit.Tests.csproj", "{B06E2450-B396-4F52-88BF-AA0DFF2F43F0}"
EndProject
Global
	GlobalSection(SolutionConfigurationPlatforms) = preSolution
		Debug|Any CPU = Debug|Any CPU
		Release|Any CPU = Release|Any CPU
	EndGlobalSection
	GlobalSection(ProjectConfigurationPlatforms) = postSolution
		{B9C18A49-4CB8-4123-983A-7CAB5A68929B}.Debug|Any CPU.ActiveCfg = Debug|Any CPU
		{B9C18A49-4CB8-4123-983A-7CAB5A68929B}.Debug|Any CPU.Build.0 = Debug|Any CPU
		{B9C18A49-4CB8-4123-983A-7CAB5A68929B}.Release|Any CPU.ActiveCfg = Release|Any CPU
		{B9C18A49-4CB8-4123-983A-7CAB5A68929B}.Release|Any CPU.Build.0 = Release|Any CPU
		{A688450F-ABBC-46CC-B703-F972D6584B1F}.Debug|Any CPU.ActiveCfg = Debug|Any CPU
		{A688450F-ABBC-46CC-B703-F972D6584B1F}.Debug|Any CPU.Build.0 = Debug|Any CPU
		{A688450F-ABBC-46CC-B703-F972D6584B1F}.Release|Any CPU.ActiveCfg = Release|Any CPU
		{A688450F-ABBC-46CC-B703-F972D6584B1F}.Release|Any CPU.Build.0 = Release|Any CPU
		{D8E0C70C-C2FA-4AB5-80A3-D81FFEF45B60}.Debug|Any CPU.ActiveCfg = Debug|Any CPU
		{D8E0C70C-C2FA-4AB5-80A3-D81FFEF45B60}.Debug|Any CPU.Build.0 = Debug|Any CPU
		{D8E0C70C-C2FA-4AB5-80A3-D81FFEF45B60}.Release|Any CPU.ActiveCfg = Release|Any CPU
		{D8E0C70C-C2FA-4AB5-80A3-D81FFEF45B60}.Release|Any CPU.Build.0 = Release|Any CPU
		{5F4020BF-D286-463D-A367-03F76BF99A93}.Debug|Any CPU.ActiveCfg = Debug|Any CPU
		{5F4020BF-D286-463D-A367-03F76BF99A93}.Debug|Any CPU.Build.0 = Debug|Any CPU
		{5F4020BF-D286-463D-A367-03F76BF99A93}.Release|Any CPU.ActiveCfg = Release|Any CPU
		{5F4020BF-D286-463D-A367-03F76BF99A93}.Release|Any CPU.Build.0 = Release|Any CPU
		{06FD7BDB-56BC-4FD4-A65B-9BA1EB16C3C8}.Debug|Any CPU.ActiveCfg = Debug|Any CPU
		{06FD7BDB-56BC-4FD4-A65B-9BA1EB16C3C8}.Debug|Any CPU.Build.0 = Debug|Any CPU
		{06FD7BDB-56BC-4FD4-A65B-9BA1EB16C3C8}.Release|Any CPU.ActiveCfg = Release|Any CPU
		{06FD7BDB-56BC-4FD4-A65B-9BA1EB16C3C8}.Release|Any CPU.Build.0 = Release|Any CPU
		{B06E2450-B396-4F52-88BF-AA0DFF2F43F0}.Debug|Any CPU.ActiveCfg = Debug|Any CPU
		{B06E2450-B396-4F52-88BF-AA0DFF2F43F0}.Debug|Any CPU.Build.0 = Debug|Any CPU
		{B06E2450-B396-4F52-88BF-AA0DFF2F43F0}.Release|Any CPU.ActiveCfg = Release|Any CPU
		{B06E2450-B396-4F52-88BF-AA0DFF2F43F0}.Release|Any CPU.Build.0 = Release|Any CPU
	EndGlobalSection
	GlobalSection(SolutionProperties) = preSolution
		HideSolutionNode = FALSE
	EndGlobalSection
	GlobalSection(ExtensibilityGlobals) = postSolution
		SolutionGuid = {6FCB21E4-04D2-4AB3-B43E-86FC045F7B8C}
	EndGlobalSection
EndGlobal
